
Microsoft Visual Studio Solution File, Format Version 12.00
# Visual Studio Version 16
VisualStudioVersion = 16.0.29025.244
MinimumVisualStudioVersion = 10.0.40219.1
Project("{FAE04EC0-301F-11D3-BF4B-00C04F79EFBC}") = "OdeToFood.Web", "OdeToFood.Web\OdeToFood.Web.csproj", "{2F9FBBC5-5ECC-4F5A-BA1C-698F5124DA8F}"
EndProject
Project("{FAE04EC0-301F-11D3-BF4B-00C04F79EFBC}") = "OdeToFood.Data", "OdeToFood.Data\OdeToFood.Data.csproj", "{8A4730BB-2DB1-4382-B5A7-4134EDDFAF9C}"
EndProject
Global
	GlobalSection(SolutionConfigurationPlatforms) = preSolution
		Debug|Any CPU = Debug|Any CPU
		Release|Any CPU = Release|Any CPU
	EndGlobalSection
	GlobalSection(ProjectConfigurationPlatforms) = postSolution
		{2F9FBBC5-5ECC-4F5A-BA1C-698F5124DA8F}.Debug|Any CPU.ActiveCfg = Debug|Any CPU
		{2F9FBBC5-5ECC-4F5A-BA1C-698F5124DA8F}.Debug|Any CPU.Build.0 = Debug|Any CPU
		{2F9FBBC5-5ECC-4F5A-BA1C-698F5124DA8F}.Release|Any CPU.ActiveCfg = Release|Any CPU
		{2F9FBBC5-5ECC-4F5A-BA1C-698F5124DA8F}.Release|Any CPU.Build.0 = Release|Any CPU
		{8A4730BB-2DB1-4382-B5A7-4134EDDFAF9C}.Debug|Any CPU.ActiveCfg = Debug|Any CPU
		{8A4730BB-2DB1-4382-B5A7-4134EDDFAF9C}.Debug|Any CPU.Build.0 = Debug|Any CPU
		{8A4730BB-2DB1-4382-B5A7-4134EDDFAF9C}.Release|Any CPU.ActiveCfg = Release|Any CPU
		{8A4730BB-2DB1-4382-B5A7-4134EDDFAF9C}.Release|Any CPU.Build.0 = Release|Any CPU
	EndGlobalSection
	GlobalSection(SolutionProperties) = preSolution
		HideSolutionNode = FALSE
	EndGlobalSection
	GlobalSection(ExtensibilityGlobals) = postSolution
		SolutionGuid = {868FF0CB-7DD2-405C-80DA-6509F2DA2B59}
	EndGlobalSection
EndGlobal
